
Microsoft Visual Studio Solution File, Format Version 12.00
# Visual Studio Version 17
VisualStudioVersion = 17.3.32922.545
MinimumVisualStudioVersion = 10.0.40219.1
Project("{FAE04EC0-301F-11D3-BF4B-00C04F79EFBC}") = "GestionPresenceBack", "GestionPresenceBack\GestionPresenceBack.csproj", "{9F1B2016-8A55-4624-8C69-5C303561110D}"
EndProject
Global
	GlobalSection(SolutionConfigurationPlatforms) = preSolution
		Debug|Any CPU = Debug|Any CPU
		Release|Any CPU = Release|Any CPU
	EndGlobalSection
	GlobalSection(ProjectConfigurationPlatforms) = postSolution
		{9F1B2016-8A55-4624-8C69-5C303561110D}.Debug|Any CPU.ActiveCfg = Debug|Any CPU
		{9F1B2016-8A55-4624-8C69-5C303561110D}.Debug|Any CPU.Build.0 = Debug|Any CPU
		{9F1B2016-8A55-4624-8C69-5C303561110D}.Release|Any CPU.ActiveCfg = Release|Any CPU
		{9F1B2016-8A55-4624-8C69-5C303561110D}.Release|Any CPU.Build.0 = Release|Any CPU
	EndGlobalSection
	GlobalSection(SolutionProperties) = preSolution
		HideSolutionNode = FALSE
	EndGlobalSection
	GlobalSection(ExtensibilityGlobals) = postSolution
		SolutionGuid = {41D23B1E-08BA-427F-9E20-1D9386CC0343}
	EndGlobalSection
EndGlobal
